
Microsoft Visual Studio Solution File, Format Version 12.00
# Visual Studio Version 17
VisualStudioVersion = 17.2.32505.173
MinimumVisualStudioVersion = 10.0.40219.1
Project("{FAE04EC0-301F-11D3-BF4B-00C04F79EFBC}") = "SnackShack", "SnackShack.csproj", "{327B2522-56A2-426B-A6DB-E914886B9C70}"
EndProject
Global
	GlobalSection(SolutionConfigurationPlatforms) = preSolution
		Debug|Any CPU = Debug|Any CPU
		Release|Any CPU = Release|Any CPU
	EndGlobalSection
	GlobalSection(ProjectConfigurationPlatforms) = postSolution
		{327B2522-56A2-426B-A6DB-E914886B9C70}.Debug|Any CPU.ActiveCfg = Debug|Any CPU
		{327B2522-56A2-426B-A6DB-E914886B9C70}.Debug|Any CPU.Build.0 = Debug|Any CPU
		{327B2522-56A2-426B-A6DB-E914886B9C70}.Release|Any CPU.ActiveCfg = Release|Any CPU
		{327B2522-56A2-426B-A6DB-E914886B9C70}.Release|Any CPU.Build.0 = Release|Any CPU
	EndGlobalSection
	GlobalSection(SolutionProperties) = preSolution
		HideSolutionNode = FALSE
	EndGlobalSection
	GlobalSection(ExtensibilityGlobals) = postSolution
		SolutionGuid = {9DE4C95B-A5FA-4361-8115-30B5023560D6}
	EndGlobalSection
EndGlobal
